
Microsoft Visual Studio Solution File, Format Version 12.00
# Visual Studio Version 17
VisualStudioVersion = 17.2.32616.157
MinimumVisualStudioVersion = 10.0.40219.1
Project("{FAE04EC0-301F-11D3-BF4B-00C04F79EFBC}") = "CSharpTools", "CSharpTools.csproj", "{9E2CB64B-5AFF-4B08-9B0B-3ABE4B253FAB}"
EndProject
Project("{9A19103F-16F7-4668-BE54-9A1E7A4F7556}") = "CSharpTools.Websocket", "..\CSharpTools.Websocket\CSharpTools.Websocket.csproj", "{D228AF16-4781-47A2-B95E-89EA2E1D808C}"
EndProject
Global
	GlobalSection(SolutionConfigurationPlatforms) = preSolution
		Debug|Any CPU = Debug|Any CPU
		Release|Any CPU = Release|Any CPU
	EndGlobalSection
	GlobalSection(ProjectConfigurationPlatforms) = postSolution
		{9E2CB64B-5AFF-4B08-9B0B-3ABE4B253FAB}.Debug|Any CPU.ActiveCfg = Debug|Any CPU
		{9E2CB64B-5AFF-4B08-9B0B-3ABE4B253FAB}.Debug|Any CPU.Build.0 = Debug|Any CPU
		{9E2CB64B-5AFF-4B08-9B0B-3ABE4B253FAB}.Release|Any CPU.ActiveCfg = Release|Any CPU
		{9E2CB64B-5AFF-4B08-9B0B-3ABE4B253FAB}.Release|Any CPU.Build.0 = Release|Any CPU
		{D228AF16-4781-47A2-B95E-89EA2E1D808C}.Debug|Any CPU.ActiveCfg = Debug|Any CPU
		{D228AF16-4781-47A2-B95E-89EA2E1D808C}.Debug|Any CPU.Build.0 = Debug|Any CPU
		{D228AF16-4781-47A2-B95E-89EA2E1D808C}.Release|Any CPU.ActiveCfg = Release|Any CPU
		{D228AF16-4781-47A2-B95E-89EA2E1D808C}.Release|Any CPU.Build.0 = Release|Any CPU
	EndGlobalSection
	GlobalSection(SolutionProperties) = preSolution
		HideSolutionNode = FALSE
	EndGlobalSection
	GlobalSection(ExtensibilityGlobals) = postSolution
		SolutionGuid = {24F0E670-09E7-4049-9495-F6279535B08D}
	EndGlobalSection
EndGlobal
